
Microsoft Visual Studio Solution File, Format Version 12.00
# Visual Studio Version 17
VisualStudioVersion = 17.7.34024.191
MinimumVisualStudioVersion = 10.0.40219.1
Project("{FAE04EC0-301F-11D3-BF4B-00C04F79EFBC}") = "CRUD in Modal", "CRUD in Modal.csproj", "{76043908-D5AC-47A3-B1AB-90192568945C}"
EndProject
Global
	GlobalSection(SolutionConfigurationPlatforms) = preSolution
		Debug|Any CPU = Debug|Any CPU
		Release|Any CPU = Release|Any CPU
	EndGlobalSection
	GlobalSection(ProjectConfigurationPlatforms) = postSolution
		{76043908-D5AC-47A3-B1AB-90192568945C}.Debug|Any CPU.ActiveCfg = Debug|Any CPU
		{76043908-D5AC-47A3-B1AB-90192568945C}.Debug|Any CPU.Build.0 = Debug|Any CPU
		{76043908-D5AC-47A3-B1AB-90192568945C}.Release|Any CPU.ActiveCfg = Release|Any CPU
		{76043908-D5AC-47A3-B1AB-90192568945C}.Release|Any CPU.Build.0 = Release|Any CPU
	EndGlobalSection
	GlobalSection(SolutionProperties) = preSolution
		HideSolutionNode = FALSE
	EndGlobalSection
	GlobalSection(ExtensibilityGlobals) = postSolution
		SolutionGuid = {37F5F739-BD52-4845-9305-8E95E69A3954}
	EndGlobalSection
EndGlobal
